
Microsoft Visual Studio Solution File, Format Version 12.00
Project("{FAE04EC0-301F-11D3-BF4B-00C04F79EFBC}") = "Mortgage", "Mortgage\Mortgage.csproj", "{C8DBEE56-0B7A-4C19-98DE-8180DDDC342F}"
EndProject
Project("{FAE04EC0-301F-11D3-BF4B-00C04F79EFBC}") = "MortgageTests", "MortgageTests\MortgageTests.csproj", "{627D7B61-FAA0-4B99-BC24-0FF1ED7B91F1}"
EndProject
Global
	GlobalSection(SolutionConfigurationPlatforms) = preSolution
		Debug|Any CPU = Debug|Any CPU
		Release|Any CPU = Release|Any CPU
	EndGlobalSection
	GlobalSection(ProjectConfigurationPlatforms) = postSolution
		{C8DBEE56-0B7A-4C19-98DE-8180DDDC342F}.Debug|Any CPU.ActiveCfg = Debug|Any CPU
		{C8DBEE56-0B7A-4C19-98DE-8180DDDC342F}.Debug|Any CPU.Build.0 = Debug|Any CPU
		{C8DBEE56-0B7A-4C19-98DE-8180DDDC342F}.Release|Any CPU.ActiveCfg = Release|Any CPU
		{C8DBEE56-0B7A-4C19-98DE-8180DDDC342F}.Release|Any CPU.Build.0 = Release|Any CPU
		{627D7B61-FAA0-4B99-BC24-0FF1ED7B91F1}.Debug|Any CPU.ActiveCfg = Debug|Any CPU
		{627D7B61-FAA0-4B99-BC24-0FF1ED7B91F1}.Debug|Any CPU.Build.0 = Debug|Any CPU
		{627D7B61-FAA0-4B99-BC24-0FF1ED7B91F1}.Release|Any CPU.ActiveCfg = Release|Any CPU
		{627D7B61-FAA0-4B99-BC24-0FF1ED7B91F1}.Release|Any CPU.Build.0 = Release|Any CPU
	EndGlobalSection
EndGlobal
